// !$*UTF8*$!
{
	archiveVersion = 1;
	classes = {
	};
	objectVersion = 50;
	objects = {

/* Begin PBXBuildFile section */
		16EF62E82181C57900E8982C /* AppDelegate.swift in Sources */ = {isa = PBXBuildFile; fileRef = 16EF62E72181C57900E8982C /* AppDelegate.swift */; };
		16EF62EA2181C57900E8982C /* ViewController.swift in Sources */ = {isa = PBXBuildFile; fileRef = 16EF62E92181C57900E8982C /* ViewController.swift */; };
		16EF62EF2181C57B00E8982C /* Assets.xcassets in Resources */ = {isa = PBXBuildFile; fileRef = 16EF62EE2181C57B00E8982C /* Assets.xcassets */; };
		16EF62F22181C57B00E8982C /* LaunchScreen.storyboard in Resources */ = {isa = PBXBuildFile; fileRef = 16EF62F02181C57B00E8982C /* LaunchScreen.storyboard */; };
		16EF62FA2181C59100E8982C /* StretchyView.swift in Sources */ = {isa = PBXBuildFile; fileRef = 16EF62F92181C59100E8982C /* StretchyView.swift */; };
		16EF64312181FA1800E8982C /* Utility.swift in Sources */ = {isa = PBXBuildFile; fileRef = 16EF64302181FA1800E8982C /* Utility.swift */; };
		16EF64342181FACB00E8982C /* ViewModel.swift in Sources */ = {isa = PBXBuildFile; fileRef = 16EF64332181FACB00E8982C /* ViewModel.swift */; };
		16EF64372181FC0E00E8982C /* ViewBinder.swift in Sources */ = {isa = PBXBuildFile; fileRef = 16EF64362181FC0E00E8982C /* ViewBinder.swift */; };
/* End PBXBuildFile section */

/* Begin PBXFileReference section */
		16EF62E42181C57900E8982C /* StretchyView.app */ = {isa = PBXFileReference; explicitFileType = wrapper.application; includeInIndex = 0; path = StretchyView.app; sourceTree = BUILT_PRODUCTS_DIR; };
		16EF62E72181C57900E8982C /* AppDelegate.swift */ = {isa = PBXFileReference; lastKnownFileType = sourcecode.swift; path = AppDelegate.swift; sourceTree = "<group>"; };
		16EF62E92181C57900E8982C /* ViewController.swift */ = {isa = PBXFileReference; lastKnownFileType = sourcecode.swift; path = ViewController.swift; sourceTree = "<group>"; };
		16EF62EE2181C57B00E8982C /* Assets.xcassets */ = {isa = PBXFileReference; lastKnownFileType = folder.assetcatalog; path = Assets.xcassets; sourceTree = "<group>"; };
		16EF62F12181C57B00E8982C /* Base */ = {isa = PBXFileReference; lastKnownFileType = file.storyboard; name = Base; path = Base.lproj/LaunchScreen.storyboard; sourceTree = "<group>"; };
		16EF62F32181C57B00E8982C /* Info.plist */ = {isa = PBXFileReference; lastKnownFileType = text.plist.xml; path = Info.plist; sourceTree = "<group>"; };
		16EF62F92181C59100E8982C /* StretchyView.swift */ = {isa = PBXFileReference; lastKnownFileType = sourcecode.swift; path = StretchyView.swift; sourceTree = "<group>"; };
		16EF64302181FA1800E8982C /* Utility.swift */ = {isa = PBXFileReference; lastKnownFileType = sourcecode.swift; path = Utility.swift; sourceTree = "<group>"; };
		16EF64332181FACB00E8982C /* ViewModel.swift */ = {isa = PBXFileReference; lastKnownFileType = sourcecode.swift; path = ViewModel.swift; sourceTree = "<group>"; };
		16EF64362181FC0E00E8982C /* ViewBinder.swift */ = {isa = PBXFileReference; lastKnownFileType = sourcecode.swift; path = ViewBinder.swift; sourceTree = "<group>"; };
/* End PBXFileReference section */

/* Begin PBXFrameworksBuildPhase section */
		16EF62E12181C57900E8982C /* Frameworks */ = {
			isa = PBXFrameworksBuildPhase;
			buildActionMask = 2147483647;
			files = (
			);
			runOnlyForDeploymentPostprocessing = 0;
		};
/* End PBXFrameworksBuildPhase section */

/* Begin PBXGroup section */
		16EF62DB2181C57900E8982C = {
			isa = PBXGroup;
			children = (
				16EF642F2181F9F600E8982C /* Utility */,
				16EF62E62181C57900E8982C /* StretchyView */,
				16EF62E52181C57900E8982C /* Products */,
			);
			sourceTree = "<group>";
		};
		16EF62E52181C57900E8982C /* Products */ = {
			isa = PBXGroup;
			children = (
				16EF62E42181C57900E8982C /* StretchyView.app */,
			);
			name = Products;
			sourceTree = "<group>";
		};
		16EF62E62181C57900E8982C /* StretchyView */ = {
			isa = PBXGroup;
			children = (
				16EF64352181FBF600E8982C /* Binder */,
				16EF64322181FABE00E8982C /* View Model */,
				16EF62E72181C57900E8982C /* AppDelegate.swift */,
				16EF62E92181C57900E8982C /* ViewController.swift */,
				16EF62F92181C59100E8982C /* StretchyView.swift */,
				16EF62EE2181C57B00E8982C /* Assets.xcassets */,
				16EF62F02181C57B00E8982C /* LaunchScreen.storyboard */,
				16EF62F32181C57B00E8982C /* Info.plist */,
			);
			path = StretchyView;
			sourceTree = "<group>";
		};
		16EF642F2181F9F600E8982C /* Utility */ = {
			isa = PBXGroup;
			children = (
				16EF64302181FA1800E8982C /* Utility.swift */,
			);
			name = Utility;
			path = StretchyView;
			sourceTree = "<group>";
		};
		16EF64322181FABE00E8982C /* View Model */ = {
			isa = PBXGroup;
			children = (
				16EF64332181FACB00E8982C /* ViewModel.swift */,
			);
			name = "View Model";
			sourceTree = "<group>";
		};
		16EF64352181FBF600E8982C /* Binder */ = {
			isa = PBXGroup;
			children = (
				16EF64362181FC0E00E8982C /* ViewBinder.swift */,
			);
			name = Binder;
			sourceTree = "<group>";
		};
/* End PBXGroup section */

/* Begin PBXNativeTarget section */
		16EF62E32181C57900E8982C /* StretchyView */ = {
			isa = PBXNativeTarget;
			buildConfigurationList = 16EF62F62181C57B00E8982C /* Build configuration list for PBXNativeTarget "StretchyView" */;
			buildPhases = (
				16EF62E02181C57900E8982C /* Sources */,
				16EF62E12181C57900E8982C /* Frameworks */,
				16EF62E22181C57900E8982C /* Resources */,
			);
			buildRules = (
			);
			dependencies = (
			);
			name = StretchyView;
			productName = StretchyView;
			productReference = 16EF62E42181C57900E8982C /* StretchyView.app */;
			productType = "com.apple.product-type.application";
		};
/* End PBXNativeTarget section */

/* Begin PBXProject section */
		16EF62DC2181C57900E8982C /* Project object */ = {
			isa = PBXProject;
			attributes = {
				LastSwiftUpdateCheck = 1000;
				LastUpgradeCheck = 1000;
				ORGANIZATIONNAME = Humlan;
				TargetAttributes = {
					16EF62E32181C57900E8982C = {
						CreatedOnToolsVersion = 10.0;
					};
				};
			};
			buildConfigurationList = 16EF62DF2181C57900E8982C /* Build configuration list for PBXProject "StretchyView" */;
			compatibilityVersion = "Xcode 9.3";
			developmentRegion = en;
			hasScannedForEncodings = 0;
			knownRegions = (
				en,
				Base,
			);
			mainGroup = 16EF62DB2181C57900E8982C;
			productRefGroup = 16EF62E52181C57900E8982C /* Products */;
			projectDirPath = "";
			projectRoot = "";
			targets = (
				16EF62E32181C57900E8982C /* StretchyView */,
			);
		};
/* End PBXProject section */

/* Begin PBXResourcesBuildPhase section */
		16EF62E22181C57900E8982C /* Resources */ = {
			isa = PBXResourcesBuildPhase;
			buildActionMask = 2147483647;
			files = (
				16EF62F22181C57B00E8982C /* LaunchScreen.storyboard in Resources */,
				16EF62EF2181C57B00E8982C /* Assets.xcassets in Resources */,
			);
			runOnlyForDeploymentPostprocessing = 0;
		};
/* End PBXResourcesBuildPhase section */

/* Begin PBXSourcesBuildPhase section */
		16EF62E02181C57900E8982C /* Sources */ = {
			isa = PBXSourcesBuildPhase;
			buildActionMask = 2147483647;
			files = (
				16EF64372181FC0E00E8982C /* ViewBinder.swift in Sources */,
				16EF64342181FACB00E8982C /* ViewModel.swift in Sources */,
				16EF64312181FA1800E8982C /* Utility.swift in Sources */,
				16EF62EA2181C57900E8982C /* ViewController.swift in Sources */,
				16EF62FA2181C59100E8982C /* StretchyView.swift in Sources */,
				16EF62E82181C57900E8982C /* AppDelegate.swift in Sources */,
			);
			runOnlyForDeploymentPostprocessing = 0;
		};
/* End PBXSourcesBuildPhase section */

/* Begin PBXVariantGroup section */
		16EF62F02181C57B00E8982C /* LaunchScreen.storyboard */ = {
			isa = PBXVariantGroup;
			children = (
				16EF62F12181C57B00E8982C /* Base */,
			);
			name = LaunchScreen.storyboard;
			sourceTree = "<group>";
		};
/* End PBXVariantGroup section */

/* Begin XCBuildConfiguration section */
		16EF62F42181C57B00E8982C /* Debug */ = {
			isa = XCBuildConfiguration;
			buildSettings = {
				ALWAYS_SEARCH_USER_PATHS = NO;
				CLANG_ANALYZER_NONNULL = YES;
				CLANG_ANALYZER_NUMBER_OBJECT_CONVERSION = YES_AGGRESSIVE;
				CLANG_CXX_LANGUAGE_STANDARD = "gnu++14";
				CLANG_CXX_LIBRARY = "libc++";
				CLANG_ENABLE_MODULES = YES;
				CLANG_ENABLE_OBJC_ARC = YES;
				CLANG_ENABLE_OBJC_WEAK = YES;
				CLANG_WARN_BLOCK_CAPTURE_AUTORELEASING = YES;
				CLANG_WARN_BOOL_CONVERSION = YES;
				CLANG_WARN_COMMA = YES;
				CLANG_WARN_CONSTANT_CONVERSION = YES;
				CLANG_WARN_DEPRECATED_OBJC_IMPLEMENTATIONS = YES;
				CLANG_WARN_DIRECT_OBJC_ISA_USAGE = YES_ERROR;
				CLANG_WARN_DOCUMENTATION_COMMENTS = YES;
				CLANG_WARN_EMPTY_BODY = YES;
				CLANG_WARN_ENUM_CONVERSION = YES;
				CLANG_WARN_INFINITE_RECURSION = YES;
				CLANG_WARN_INT_CONVERSION = YES;
				CLANG_WARN_NON_LITERAL_NULL_CONVERSION = YES;
				CLANG_WARN_OBJC_IMPLICIT_RETAIN_SELF = YES;
				CLANG_WARN_OBJC_LITERAL_CONVERSION = YES;
				CLANG_WARN_OBJC_ROOT_CLASS = YES_ERROR;
				CLANG_WARN_RANGE_LOOP_ANALYSIS = YES;
				CLANG_WARN_STRICT_PROTOTYPES = YES;
				CLANG_WARN_SUSPICIOUS_MOVE = YES;
				CLANG_WARN_UNGUARDED_AVAILABILITY = YES_AGGRESSIVE;
				CLANG_WARN_UNREACHABLE_CODE = YES;
				CLANG_WARN__DUPLICATE_METHOD_MATCH = YES;
				CODE_SIGN_IDENTITY = "iPhone Developer";
				COPY_PHASE_STRIP = NO;
				DEBUG_INFORMATION_FORMAT = dwarf;
				ENABLE_STRICT_OBJC_MSGSEND = YES;
				ENABLE_TESTABILITY = YES;
				GCC_C_LANGUAGE_STANDARD = gnu11;
				GCC_DYNAMIC_NO_PIC = NO;
				GCC_NO_COMMON_BLOCKS = YES;
				GCC_OPTIMIZATION_LEVEL = 0;
				GCC_PREPROCESSOR_DEFINITIONS = (
					"DEBUG=1",
					"$(inherited)",
				);
				GCC_WARN_64_TO_32_BIT_CONVERSION = YES;
				GCC_WARN_ABOUT_RETURN_TYPE = YES_ERROR;
				GCC_WARN_UNDECLARED_SELECTOR = YES;
				GCC_WARN_UNINITIALIZED_AUTOS = YES_AGGRESSIVE;
				GCC_WARN_UNUSED_FUNCTION = YES;
				GCC_WARN_UNUSED_VARIABLE = YES;
				IPHONEOS_DEPLOYMENT_TARGET = 12.0;
				MTL_ENABLE_DEBUG_INFO = INCLUDE_SOURCE;
				MTL_FAST_MATH = YES;
				ONLY_ACTIVE_ARCH = YES;
				SDKROOT = iphoneos;
				SWIFT_ACTIVE_COMPILATION_CONDITIONS = DEBUG;
				SWIFT_OPTIMIZATION_LEVEL = "-Onone";
			};
			name = Debug;
		};
		16EF62F52181C57B00E8982C /* Release */ = {
			isa = XCBuildConfiguration;
			buildSettings = {
				ALWAYS_SEARCH_USER_PATHS = NO;
				CLANG_ANALYZER_NONNULL = YES;
				CLANG_ANALYZER_NUMBER_OBJECT_CONVERSION = YES_AGGRESSIVE;
				CLANG_CXX_LANGUAGE_STANDARD = "gnu++14";
				CLANG_CXX_LIBRARY = "libc++";
				CLANG_ENABLE_MODULES = YES;
				CLANG_ENABLE_OBJC_ARC = YES;
				CLANG_ENABLE_OBJC_WEAK = YES;
				CLANG_WARN_BLOCK_CAPTURE_AUTORELEASING = YES;
				CLANG_WARN_BOOL_CONVERSION = YES;
				CLANG_WARN_COMMA = YES;
				CLANG_WARN_CONSTANT_CONVERSION = YES;
				CLANG_WARN_DEPRECATED_OBJC_IMPLEMENTATIONS = YES;
				CLANG_WARN_DIRECT_OBJC_ISA_USAGE = YES_ERROR;
				CLANG_WARN_DOCUMENTATION_COMMENTS = YES;
				CLANG_WARN_EMPTY_BODY = YES;
				CLANG_WARN_ENUM_CONVERSION = YES;
				CLANG_WARN_INFINITE_RECURSION = YES;
				CLANG_WARN_INT_CONVERSION = YES;
				CLANG_WARN_NON_LITERAL_NULL_CONVERSION = YES;
				CLANG_WARN_OBJC_IMPLICIT_RETAIN_SELF = YES;
				CLANG_WARN_OBJC_LITERAL_CONVERSION = YES;
				CLANG_WARN_OBJC_ROOT_CLASS = YES_ERROR;
				CLANG_WARN_RANGE_LOOP_ANALYSIS = YES;
				CLANG_WARN_STRICT_PROTOTYPES = YES;
				CLANG_WARN_SUSPICIOUS_MOVE = YES;
				CLANG_WARN_UNGUARDED_AVAILABILITY = YES_AGGRESSIVE;
				CLANG_WARN_UNREACHABLE_CODE = YES;
				CLANG_WARN__DUPLICATE_METHOD_MATCH = YES;
				CODE_SIGN_IDENTITY = "iPhone Developer";
				COPY_PHASE_STRIP = NO;
				DEBUG_INFORMATION_FORMAT = "dwarf-with-dsym";
				ENABLE_NS_ASSERTIONS = NO;
				ENABLE_STRICT_OBJC_MSGSEND = YES;
				GCC_C_LANGUAGE_STANDARD = gnu11;
				GCC_NO_COMMON_BLOCKS = YES;
				GCC_WARN_64_TO_32_BIT_CONVERSION = YES;
				GCC_WARN_ABOUT_RETURN_TYPE = YES_ERROR;
				GCC_WARN_UNDECLARED_SELECTOR = YES;
				GCC_WARN_UNINITIALIZED_AUTOS = YES_AGGRESSIVE;
				GCC_WARN_UNUSED_FUNCTION = YES;
				GCC_WARN_UNUSED_VARIABLE = YES;
				IPHONEOS_DEPLOYMENT_TARGET = 12.0;
				MTL_ENABLE_DEBUG_INFO = NO;
				MTL_FAST_MATH = YES;
				SDKROOT = iphoneos;
				SWIFT_COMPILATION_MODE = wholemodule;
				SWIFT_OPTIMIZATION_LEVEL = "-O";
				VALIDATE_PRODUCT = YES;
			};
			name = Release;
		};
		16EF62F72181C57B00E8982C /* Debug */ = {
			isa = XCBuildConfiguration;
			buildSettings = {
				ASSETCATALOG_COMPILER_APPICON_NAME = AppIcon;
				CODE_SIGN_STYLE = Automatic;
				DEVELOPMENT_TEAM = UC6L78PB5C;
				INFOPLIST_FILE = StretchyView/Info.plist;
				LD_RUNPATH_SEARCH_PATHS = (
					"$(inherited)",
					"@executable_path/Frameworks",
				);
				PRODUCT_BUNDLE_IDENTIFIER = com.humlan.StretchyView;
				PRODUCT_NAME = "$(TARGET_NAME)";
				SWIFT_VERSION = 4.2;
				TARGETED_DEVICE_FAMILY = "1,2";
			};
			name = Debug;
		};
		16EF62F82181C57B00E8982C /* Release */ = {
			isa = XCBuildConfiguration;
			buildSettings = {
				ASSETCATALOG_COMPILER_APPICON_NAME = AppIcon;
				CODE_SIGN_STYLE = Automatic;
				DEVELOPMENT_TEAM = UC6L78PB5C;
				INFOPLIST_FILE = StretchyView/Info.plist;
				LD_RUNPATH_SEARCH_PATHS = (
					"$(inherited)",
					"@executable_path/Frameworks",
				);
				PRODUCT_BUNDLE_IDENTIFIER = com.humlan.StretchyView;
				PRODUCT_NAME = "$(TARGET_NAME)";
				SWIFT_VERSION = 4.2;
				TARGETED_DEVICE_FAMILY = "1,2";
			};
			name = Release;
		};
/* End XCBuildConfiguration section */

/* Begin XCConfigurationList section */
		16EF62DF2181C57900E8982C /* Build configuration list for PBXProject "StretchyView" */ = {
			isa = XCConfigurationList;
			buildConfigurations = (
				16EF62F42181C57B00E8982C /* Debug */,
				16EF62F52181C57B00E8982C /* Release */,
			);
			defaultConfigurationIsVisible = 0;
			defaultConfigurationName = Release;
		};
		16EF62F62181C57B00E8982C /* Build configuration list for PBXNativeTarget "StretchyView" */ = {
			isa = XCConfigurationList;
			buildConfigurations = (
				16EF62F72181C57B00E8982C /* Debug */,
				16EF62F82181C57B00E8982C /* Release */,
			);
			defaultConfigurationIsVisible = 0;
			defaultConfigurationName = Release;
		};
/* End XCConfigurationList section */
	};
	rootObject = 16EF62DC2181C57900E8982C /* Project object */;
}
